
Microsoft Visual Studio Solution File, Format Version 12.00
# Visual Studio Version 17
VisualStudioVersion = 17.11.35312.102
MinimumVisualStudioVersion = 10.0.40219.1
Project("{FAE04EC0-301F-11D3-BF4B-00C04F79EFBC}") = "CV-3-project", "CV-3-project\CV-3-project.csproj", "{65BCB178-6CBF-429E-AAAA-F74912020C22}"
EndProject
Project("{FAE04EC0-301F-11D3-BF4B-00C04F79EFBC}") = "ClientTerminal", "ClientTerminal\ClientTerminal.csproj", "{8F832F6A-135A-43BC-8CEF-56939C13B6E7}"
EndProject
Global
	GlobalSection(SolutionConfigurationPlatforms) = preSolution
		Debug|Any CPU = Debug|Any CPU
		Release|Any CPU = Release|Any CPU
	EndGlobalSection
	GlobalSection(ProjectConfigurationPlatforms) = postSolution
		{65BCB178-6CBF-429E-AAAA-F74912020C22}.Debug|Any CPU.ActiveCfg = Debug|Any CPU
		{65BCB178-6CBF-429E-AAAA-F74912020C22}.Debug|Any CPU.Build.0 = Debug|Any CPU
		{65BCB178-6CBF-429E-AAAA-F74912020C22}.Release|Any CPU.ActiveCfg = Release|Any CPU
		{65BCB178-6CBF-429E-AAAA-F74912020C22}.Release|Any CPU.Build.0 = Release|Any CPU
		{8F832F6A-135A-43BC-8CEF-56939C13B6E7}.Debug|Any CPU.ActiveCfg = Debug|Any CPU
		{8F832F6A-135A-43BC-8CEF-56939C13B6E7}.Debug|Any CPU.Build.0 = Debug|Any CPU
		{8F832F6A-135A-43BC-8CEF-56939C13B6E7}.Release|Any CPU.ActiveCfg = Release|Any CPU
		{8F832F6A-135A-43BC-8CEF-56939C13B6E7}.Release|Any CPU.Build.0 = Release|Any CPU
	EndGlobalSection
	GlobalSection(SolutionProperties) = preSolution
		HideSolutionNode = FALSE
	EndGlobalSection
	GlobalSection(ExtensibilityGlobals) = postSolution
		SolutionGuid = {60DA1CE8-5405-45A4-88B4-874B1A449A5D}
	EndGlobalSection
EndGlobal
